
Microsoft Visual Studio Solution File, Format Version 12.00
# Visual Studio Version 16
VisualStudioVersion = 16.0.31702.278
MinimumVisualStudioVersion = 10.0.40219.1
Project("{FAE04EC0-301F-11D3-BF4B-00C04F79EFBC}") = "AKSWebApi", "AKSWebApi\AKSWebApi.csproj", "{5C23DEC6-C0CD-4A85-A6B2-7E8A2714E8BA}"
EndProject
Project("{FAE04EC0-301F-11D3-BF4B-00C04F79EFBC}") = "AKSWebApi.Core", "AKSWebApi.Core\AKSWebApi.Core.csproj", "{3EB90541-2571-4B7A-8E29-F5272D1F2A88}"
EndProject
Global
	GlobalSection(SolutionConfigurationPlatforms) = preSolution
		Debug|Any CPU = Debug|Any CPU
		Release|Any CPU = Release|Any CPU
	EndGlobalSection
	GlobalSection(ProjectConfigurationPlatforms) = postSolution
		{5C23DEC6-C0CD-4A85-A6B2-7E8A2714E8BA}.Debug|Any CPU.ActiveCfg = Debug|Any CPU
		{5C23DEC6-C0CD-4A85-A6B2-7E8A2714E8BA}.Debug|Any CPU.Build.0 = Debug|Any CPU
		{5C23DEC6-C0CD-4A85-A6B2-7E8A2714E8BA}.Release|Any CPU.ActiveCfg = Release|Any CPU
		{5C23DEC6-C0CD-4A85-A6B2-7E8A2714E8BA}.Release|Any CPU.Build.0 = Release|Any CPU
		{3EB90541-2571-4B7A-8E29-F5272D1F2A88}.Debug|Any CPU.ActiveCfg = Debug|Any CPU
		{3EB90541-2571-4B7A-8E29-F5272D1F2A88}.Debug|Any CPU.Build.0 = Debug|Any CPU
		{3EB90541-2571-4B7A-8E29-F5272D1F2A88}.Release|Any CPU.ActiveCfg = Release|Any CPU
		{3EB90541-2571-4B7A-8E29-F5272D1F2A88}.Release|Any CPU.Build.0 = Release|Any CPU
	EndGlobalSection
	GlobalSection(SolutionProperties) = preSolution
		HideSolutionNode = FALSE
	EndGlobalSection
	GlobalSection(ExtensibilityGlobals) = postSolution
		SolutionGuid = {798F8728-DCC9-411D-8A7B-D2184B808D6C}
	EndGlobalSection
EndGlobal
